
Microsoft Visual Studio Solution File, Format Version 12.00
# Visual Studio 14
VisualStudioVersion = 14.0.25420.1
MinimumVisualStudioVersion = 10.0.40219.1
Project("{FAE04EC0-301F-11D3-BF4B-00C04F79EFBC}") = "Quipu.KC.CM", "Quipu.KC.CM\Quipu.KC.CM.csproj", "{B8414622-B524-40D7-AAD7-833376FF2EBE}"
EndProject
Project("{2150E333-8FDC-42A3-9474-1A3956D46DE8}") = "Solution Items", "Solution Items", "{2BD9919A-721F-4D77-AF22-AB5E959BB496}"
	ProjectSection(SolutionItems) = preProject
		README.MD = README.MD
	EndProjectSection
EndProject
Global
	GlobalSection(SolutionConfigurationPlatforms) = preSolution
		Debug|Any CPU = Debug|Any CPU
		Release|Any CPU = Release|Any CPU
	EndGlobalSection
	GlobalSection(ProjectConfigurationPlatforms) = postSolution
		{B8414622-B524-40D7-AAD7-833376FF2EBE}.Debug|Any CPU.ActiveCfg = Debug|Any CPU
		{B8414622-B524-40D7-AAD7-833376FF2EBE}.Debug|Any CPU.Build.0 = Debug|Any CPU
		{B8414622-B524-40D7-AAD7-833376FF2EBE}.Release|Any CPU.ActiveCfg = Release|Any CPU
		{B8414622-B524-40D7-AAD7-833376FF2EBE}.Release|Any CPU.Build.0 = Release|Any CPU
	EndGlobalSection
	GlobalSection(SolutionProperties) = preSolution
		HideSolutionNode = FALSE
	EndGlobalSection
EndGlobal
